
Microsoft Visual Studio Solution File, Format Version 11.00
# Visual Studio 2010
Project("{FAE04EC0-301F-11D3-BF4B-00C04F79EFBC}") = "Workshop.Day2.Lamp", "Workshop.Day2.Lamp\Workshop.Day2.Lamp.csproj", "{273049B3-9E60-4006-9AC8-0CC0A2EED69D}"
EndProject
Global
	GlobalSection(SolutionConfigurationPlatforms) = preSolution
		Debug|x86 = Debug|x86
		Release|x86 = Release|x86
	EndGlobalSection
	GlobalSection(ProjectConfigurationPlatforms) = postSolution
		{273049B3-9E60-4006-9AC8-0CC0A2EED69D}.Debug|x86.ActiveCfg = Debug|x86
		{273049B3-9E60-4006-9AC8-0CC0A2EED69D}.Debug|x86.Build.0 = Debug|x86
		{273049B3-9E60-4006-9AC8-0CC0A2EED69D}.Release|x86.ActiveCfg = Release|x86
		{273049B3-9E60-4006-9AC8-0CC0A2EED69D}.Release|x86.Build.0 = Release|x86
	EndGlobalSection
	GlobalSection(SolutionProperties) = preSolution
		HideSolutionNode = FALSE
	EndGlobalSection
EndGlobal
