
Microsoft Visual Studio Solution File, Format Version 11.00
# Visual Studio 2010
Project("{FAE04EC0-301F-11D3-BF4B-00C04F79EFBC}") = "RegularExpressions", "RegularExpressions\RegularExpressions.csproj", "{7FD69902-FC30-47DF-9E4E-BF6655D0A3C8}"
EndProject
Project("{FAE04EC0-301F-11D3-BF4B-00C04F79EFBC}") = "RegularExpressions.Tests", "RegularExpressions.Tests\RegularExpressions.Tests.csproj", "{4FB0A28C-EEFF-41A7-9BDF-ADC72799A82C}"
EndProject
Global
	GlobalSection(SolutionConfigurationPlatforms) = preSolution
		Debug|Any CPU = Debug|Any CPU
		Release|Any CPU = Release|Any CPU
	EndGlobalSection
	GlobalSection(ProjectConfigurationPlatforms) = postSolution
		{7FD69902-FC30-47DF-9E4E-BF6655D0A3C8}.Debug|Any CPU.ActiveCfg = Debug|Any CPU
		{7FD69902-FC30-47DF-9E4E-BF6655D0A3C8}.Debug|Any CPU.Build.0 = Debug|Any CPU
		{7FD69902-FC30-47DF-9E4E-BF6655D0A3C8}.Release|Any CPU.ActiveCfg = Release|Any CPU
		{7FD69902-FC30-47DF-9E4E-BF6655D0A3C8}.Release|Any CPU.Build.0 = Release|Any CPU
		{4FB0A28C-EEFF-41A7-9BDF-ADC72799A82C}.Debug|Any CPU.ActiveCfg = Debug|Any CPU
		{4FB0A28C-EEFF-41A7-9BDF-ADC72799A82C}.Debug|Any CPU.Build.0 = Debug|Any CPU
		{4FB0A28C-EEFF-41A7-9BDF-ADC72799A82C}.Release|Any CPU.ActiveCfg = Release|Any CPU
		{4FB0A28C-EEFF-41A7-9BDF-ADC72799A82C}.Release|Any CPU.Build.0 = Release|Any CPU
	EndGlobalSection
	GlobalSection(SolutionProperties) = preSolution
		HideSolutionNode = FALSE
	EndGlobalSection
EndGlobal
