
Microsoft Visual Studio Solution File, Format Version 11.00
# Visual Studio 2010
Project("{FAE04EC0-301F-11D3-BF4B-00C04F79EFBC}") = "Lab2Airport", "Lab1Airport\Lab2Airport.csproj", "{998CD5B3-0990-4186-B2A6-AC7546080FA2}"
EndProject
Project("{FAE04EC0-301F-11D3-BF4B-00C04F79EFBC}") = "Tests", "Tests\Tests.csproj", "{0B8DAFA3-3C9B-467C-9DA5-BBD05D5F8ABA}"
EndProject
Global
	GlobalSection(SolutionConfigurationPlatforms) = preSolution
		Debug|Any CPU = Debug|Any CPU
		Debug|Mixed Platforms = Debug|Mixed Platforms
		Debug|x86 = Debug|x86
		Release|Any CPU = Release|Any CPU
		Release|Mixed Platforms = Release|Mixed Platforms
		Release|x86 = Release|x86
	EndGlobalSection
	GlobalSection(ProjectConfigurationPlatforms) = postSolution
		{998CD5B3-0990-4186-B2A6-AC7546080FA2}.Debug|Any CPU.ActiveCfg = Debug|x86
		{998CD5B3-0990-4186-B2A6-AC7546080FA2}.Debug|Mixed Platforms.ActiveCfg = Debug|x86
		{998CD5B3-0990-4186-B2A6-AC7546080FA2}.Debug|Mixed Platforms.Build.0 = Debug|x86
		{998CD5B3-0990-4186-B2A6-AC7546080FA2}.Debug|x86.ActiveCfg = Debug|x86
		{998CD5B3-0990-4186-B2A6-AC7546080FA2}.Debug|x86.Build.0 = Debug|x86
		{998CD5B3-0990-4186-B2A6-AC7546080FA2}.Release|Any CPU.ActiveCfg = Release|x86
		{998CD5B3-0990-4186-B2A6-AC7546080FA2}.Release|Mixed Platforms.ActiveCfg = Release|x86
		{998CD5B3-0990-4186-B2A6-AC7546080FA2}.Release|Mixed Platforms.Build.0 = Release|x86
		{998CD5B3-0990-4186-B2A6-AC7546080FA2}.Release|x86.ActiveCfg = Release|x86
		{998CD5B3-0990-4186-B2A6-AC7546080FA2}.Release|x86.Build.0 = Release|x86
		{0B8DAFA3-3C9B-467C-9DA5-BBD05D5F8ABA}.Debug|Any CPU.ActiveCfg = Debug|Any CPU
		{0B8DAFA3-3C9B-467C-9DA5-BBD05D5F8ABA}.Debug|Any CPU.Build.0 = Debug|Any CPU
		{0B8DAFA3-3C9B-467C-9DA5-BBD05D5F8ABA}.Debug|Mixed Platforms.ActiveCfg = Debug|Any CPU
		{0B8DAFA3-3C9B-467C-9DA5-BBD05D5F8ABA}.Debug|Mixed Platforms.Build.0 = Debug|Any CPU
		{0B8DAFA3-3C9B-467C-9DA5-BBD05D5F8ABA}.Debug|x86.ActiveCfg = Debug|Any CPU
		{0B8DAFA3-3C9B-467C-9DA5-BBD05D5F8ABA}.Release|Any CPU.ActiveCfg = Release|Any CPU
		{0B8DAFA3-3C9B-467C-9DA5-BBD05D5F8ABA}.Release|Any CPU.Build.0 = Release|Any CPU
		{0B8DAFA3-3C9B-467C-9DA5-BBD05D5F8ABA}.Release|Mixed Platforms.ActiveCfg = Release|Any CPU
		{0B8DAFA3-3C9B-467C-9DA5-BBD05D5F8ABA}.Release|Mixed Platforms.Build.0 = Release|Any CPU
		{0B8DAFA3-3C9B-467C-9DA5-BBD05D5F8ABA}.Release|x86.ActiveCfg = Release|Any CPU
	EndGlobalSection
	GlobalSection(SolutionProperties) = preSolution
		HideSolutionNode = FALSE
	EndGlobalSection
	GlobalSection(ExtensibilityGlobals) = postSolution
		VisualSVNWorkingCopyRoot = .
	EndGlobalSection
EndGlobal
