
Microsoft Visual Studio Solution File, Format Version 10.00
# Visual Studio 2008
Project("{FAE04EC0-301F-11D3-BF4B-00C04F79EFBC}") = "Matrix", "Matrix\Matrix.csproj", "{6180002F-2F77-4D9D-8986-D2ACC8721742}"
EndProject
Global
	GlobalSection(SolutionConfigurationPlatforms) = preSolution
		Debug|Any CPU = Debug|Any CPU
		Release|Any CPU = Release|Any CPU
	EndGlobalSection
	GlobalSection(ProjectConfigurationPlatforms) = postSolution
		{6180002F-2F77-4D9D-8986-D2ACC8721742}.Debug|Any CPU.ActiveCfg = Debug|Any CPU
		{6180002F-2F77-4D9D-8986-D2ACC8721742}.Debug|Any CPU.Build.0 = Debug|Any CPU
		{6180002F-2F77-4D9D-8986-D2ACC8721742}.Release|Any CPU.ActiveCfg = Release|Any CPU
		{6180002F-2F77-4D9D-8986-D2ACC8721742}.Release|Any CPU.Build.0 = Release|Any CPU
	EndGlobalSection
	GlobalSection(SolutionProperties) = preSolution
		HideSolutionNode = FALSE
	EndGlobalSection
EndGlobal
