
Microsoft Visual Studio Solution File, Format Version 11.00
# Visual C# Express 2010
Project("{FAE04EC0-301F-11D3-BF4B-00C04F79EFBC}") = "ClassLibrary", "ClassLibrary\ClassLibrary.csproj", "{A2670F97-4AD7-4C08-94A0-6B852872306C}"
EndProject
Project("{FAE04EC0-301F-11D3-BF4B-00C04F79EFBC}") = "ClassLibraryTests", "ClassLibraryTests\ClassLibraryTests.csproj", "{B6FE77FB-2B7B-4810-9B32-D54792BBE296}"
EndProject
Global
	GlobalSection(SolutionConfigurationPlatforms) = preSolution
		Debug|Any CPU = Debug|Any CPU
		Release|Any CPU = Release|Any CPU
	EndGlobalSection
	GlobalSection(ProjectConfigurationPlatforms) = postSolution
		{A2670F97-4AD7-4C08-94A0-6B852872306C}.Debug|Any CPU.ActiveCfg = Debug|Any CPU
		{A2670F97-4AD7-4C08-94A0-6B852872306C}.Debug|Any CPU.Build.0 = Debug|Any CPU
		{A2670F97-4AD7-4C08-94A0-6B852872306C}.Release|Any CPU.ActiveCfg = Release|Any CPU
		{A2670F97-4AD7-4C08-94A0-6B852872306C}.Release|Any CPU.Build.0 = Release|Any CPU
		{B6FE77FB-2B7B-4810-9B32-D54792BBE296}.Debug|Any CPU.ActiveCfg = Debug|Any CPU
		{B6FE77FB-2B7B-4810-9B32-D54792BBE296}.Debug|Any CPU.Build.0 = Debug|Any CPU
		{B6FE77FB-2B7B-4810-9B32-D54792BBE296}.Release|Any CPU.ActiveCfg = Release|Any CPU
		{B6FE77FB-2B7B-4810-9B32-D54792BBE296}.Release|Any CPU.Build.0 = Release|Any CPU
	EndGlobalSection
	GlobalSection(SolutionProperties) = preSolution
		HideSolutionNode = FALSE
	EndGlobalSection
EndGlobal
