
Microsoft Visual Studio Solution File, Format Version 11.00
# Visual Studio 2010
Project("{FAE04EC0-301F-11D3-BF4B-00C04F79EFBC}") = "My.LabWork.Policlinic.Library", "My.LabWork.Policlinic.Library\My.LabWork.Policlinic.Library.csproj", "{47528019-91D2-4BDF-9401-21CA4AF799B1}"
EndProject
Project("{FAE04EC0-301F-11D3-BF4B-00C04F79EFBC}") = "My.LabWork.Policlinic.Test", "My.LabWork.Policlinic.Test\My.LabWork.Policlinic.Test.csproj", "{C7F5D120-4C54-4486-A6AC-EAF0EF98E6BE}"
EndProject
Project("{FAE04EC0-301F-11D3-BF4B-00C04F79EFBC}") = "My.LabWork.Policlinic.Presentation", "My.LabWork.Policlinic.Presentation\My.LabWork.Policlinic.Presentation.csproj", "{FD9DC0A1-3E4A-48A3-9133-D55BED016A7C}"
EndProject
Project("{FAE04EC0-301F-11D3-BF4B-00C04F79EFBC}") = "My.LabWork.Policlinic.WebPresentation", "My.LabWork.Policlinic.WebPresentation\My.LabWork.Policlinic.WebPresentation.csproj", "{0BB8588D-A0D0-4E78-BA0B-81BD92909283}"
EndProject
Global
	GlobalSection(SolutionConfigurationPlatforms) = preSolution
		Debug|Any CPU = Debug|Any CPU
		Debug|Mixed Platforms = Debug|Mixed Platforms
		Debug|x86 = Debug|x86
		Release|Any CPU = Release|Any CPU
		Release|Mixed Platforms = Release|Mixed Platforms
		Release|x86 = Release|x86
	EndGlobalSection
	GlobalSection(ProjectConfigurationPlatforms) = postSolution
		{47528019-91D2-4BDF-9401-21CA4AF799B1}.Debug|Any CPU.ActiveCfg = Debug|Any CPU
		{47528019-91D2-4BDF-9401-21CA4AF799B1}.Debug|Any CPU.Build.0 = Debug|Any CPU
		{47528019-91D2-4BDF-9401-21CA4AF799B1}.Debug|Mixed Platforms.ActiveCfg = Debug|Any CPU
		{47528019-91D2-4BDF-9401-21CA4AF799B1}.Debug|Mixed Platforms.Build.0 = Debug|Any CPU
		{47528019-91D2-4BDF-9401-21CA4AF799B1}.Debug|x86.ActiveCfg = Debug|Any CPU
		{47528019-91D2-4BDF-9401-21CA4AF799B1}.Release|Any CPU.ActiveCfg = Release|Any CPU
		{47528019-91D2-4BDF-9401-21CA4AF799B1}.Release|Any CPU.Build.0 = Release|Any CPU
		{47528019-91D2-4BDF-9401-21CA4AF799B1}.Release|Mixed Platforms.ActiveCfg = Release|Any CPU
		{47528019-91D2-4BDF-9401-21CA4AF799B1}.Release|Mixed Platforms.Build.0 = Release|Any CPU
		{47528019-91D2-4BDF-9401-21CA4AF799B1}.Release|x86.ActiveCfg = Release|Any CPU
		{C7F5D120-4C54-4486-A6AC-EAF0EF98E6BE}.Debug|Any CPU.ActiveCfg = Debug|x86
		{C7F5D120-4C54-4486-A6AC-EAF0EF98E6BE}.Debug|Mixed Platforms.ActiveCfg = Debug|x86
		{C7F5D120-4C54-4486-A6AC-EAF0EF98E6BE}.Debug|Mixed Platforms.Build.0 = Debug|x86
		{C7F5D120-4C54-4486-A6AC-EAF0EF98E6BE}.Debug|x86.ActiveCfg = Debug|x86
		{C7F5D120-4C54-4486-A6AC-EAF0EF98E6BE}.Debug|x86.Build.0 = Debug|x86
		{C7F5D120-4C54-4486-A6AC-EAF0EF98E6BE}.Release|Any CPU.ActiveCfg = Release|x86
		{C7F5D120-4C54-4486-A6AC-EAF0EF98E6BE}.Release|Mixed Platforms.ActiveCfg = Release|x86
		{C7F5D120-4C54-4486-A6AC-EAF0EF98E6BE}.Release|Mixed Platforms.Build.0 = Release|x86
		{C7F5D120-4C54-4486-A6AC-EAF0EF98E6BE}.Release|x86.ActiveCfg = Release|x86
		{C7F5D120-4C54-4486-A6AC-EAF0EF98E6BE}.Release|x86.Build.0 = Release|x86
		{FD9DC0A1-3E4A-48A3-9133-D55BED016A7C}.Debug|Any CPU.ActiveCfg = Debug|x86
		{FD9DC0A1-3E4A-48A3-9133-D55BED016A7C}.Debug|Mixed Platforms.ActiveCfg = Debug|x86
		{FD9DC0A1-3E4A-48A3-9133-D55BED016A7C}.Debug|Mixed Platforms.Build.0 = Debug|x86
		{FD9DC0A1-3E4A-48A3-9133-D55BED016A7C}.Debug|x86.ActiveCfg = Debug|x86
		{FD9DC0A1-3E4A-48A3-9133-D55BED016A7C}.Debug|x86.Build.0 = Debug|x86
		{FD9DC0A1-3E4A-48A3-9133-D55BED016A7C}.Release|Any CPU.ActiveCfg = Release|x86
		{FD9DC0A1-3E4A-48A3-9133-D55BED016A7C}.Release|Mixed Platforms.ActiveCfg = Release|x86
		{FD9DC0A1-3E4A-48A3-9133-D55BED016A7C}.Release|Mixed Platforms.Build.0 = Release|x86
		{FD9DC0A1-3E4A-48A3-9133-D55BED016A7C}.Release|x86.ActiveCfg = Release|x86
		{FD9DC0A1-3E4A-48A3-9133-D55BED016A7C}.Release|x86.Build.0 = Release|x86
		{0BB8588D-A0D0-4E78-BA0B-81BD92909283}.Debug|Any CPU.ActiveCfg = Debug|Any CPU
		{0BB8588D-A0D0-4E78-BA0B-81BD92909283}.Debug|Any CPU.Build.0 = Debug|Any CPU
		{0BB8588D-A0D0-4E78-BA0B-81BD92909283}.Debug|Mixed Platforms.ActiveCfg = Debug|Any CPU
		{0BB8588D-A0D0-4E78-BA0B-81BD92909283}.Debug|Mixed Platforms.Build.0 = Debug|Any CPU
		{0BB8588D-A0D0-4E78-BA0B-81BD92909283}.Debug|x86.ActiveCfg = Debug|Any CPU
		{0BB8588D-A0D0-4E78-BA0B-81BD92909283}.Release|Any CPU.ActiveCfg = Release|Any CPU
		{0BB8588D-A0D0-4E78-BA0B-81BD92909283}.Release|Any CPU.Build.0 = Release|Any CPU
		{0BB8588D-A0D0-4E78-BA0B-81BD92909283}.Release|Mixed Platforms.ActiveCfg = Release|Any CPU
		{0BB8588D-A0D0-4E78-BA0B-81BD92909283}.Release|Mixed Platforms.Build.0 = Release|Any CPU
		{0BB8588D-A0D0-4E78-BA0B-81BD92909283}.Release|x86.ActiveCfg = Release|Any CPU
	EndGlobalSection
	GlobalSection(SolutionProperties) = preSolution
		HideSolutionNode = FALSE
	EndGlobalSection
EndGlobal
