
Microsoft Visual Studio Solution File, Format Version 11.00
# Visual Studio 2010
Project("{FAE04EC0-301F-11D3-BF4B-00C04F79EFBC}") = "My.Complex", "My.Complex\My.Complex.csproj", "{ECF1A6C3-02E4-4635-87C4-28EF9CA76703}"
EndProject
Project("{FAE04EC0-301F-11D3-BF4B-00C04F79EFBC}") = "My.Complex.Tests", "My.Complex.Tests\My.Complex.Tests.csproj", "{4ECD771A-A801-431D-BEE8-A546F15BD041}"
EndProject
Global
	GlobalSection(SolutionConfigurationPlatforms) = preSolution
		Debug|Any CPU = Debug|Any CPU
		Release|Any CPU = Release|Any CPU
	EndGlobalSection
	GlobalSection(ProjectConfigurationPlatforms) = postSolution
		{ECF1A6C3-02E4-4635-87C4-28EF9CA76703}.Debug|Any CPU.ActiveCfg = Debug|Any CPU
		{ECF1A6C3-02E4-4635-87C4-28EF9CA76703}.Debug|Any CPU.Build.0 = Debug|Any CPU
		{ECF1A6C3-02E4-4635-87C4-28EF9CA76703}.Release|Any CPU.ActiveCfg = Release|Any CPU
		{ECF1A6C3-02E4-4635-87C4-28EF9CA76703}.Release|Any CPU.Build.0 = Release|Any CPU
		{4ECD771A-A801-431D-BEE8-A546F15BD041}.Debug|Any CPU.ActiveCfg = Debug|Any CPU
		{4ECD771A-A801-431D-BEE8-A546F15BD041}.Debug|Any CPU.Build.0 = Debug|Any CPU
		{4ECD771A-A801-431D-BEE8-A546F15BD041}.Release|Any CPU.ActiveCfg = Release|Any CPU
		{4ECD771A-A801-431D-BEE8-A546F15BD041}.Release|Any CPU.Build.0 = Release|Any CPU
	EndGlobalSection
	GlobalSection(SolutionProperties) = preSolution
		HideSolutionNode = FALSE
	EndGlobalSection
EndGlobal
