
Microsoft Visual Studio Solution File, Format Version 11.00
# Visual Studio 2010
Project("{FAE04EC0-301F-11D3-BF4B-00C04F79EFBC}") = "VectorCalculator", "VectorCalculator\VectorCalculator.csproj", "{9C7F9BA6-02C5-43AA-92C6-23236788919E}"
EndProject
Project("{FAE04EC0-301F-11D3-BF4B-00C04F79EFBC}") = "UnitTests", "UnitTests\UnitTests.csproj", "{EC882D7F-7071-4DFD-99AD-9EF474B1A636}"
EndProject
Global
	GlobalSection(SubversionScc) = preSolution
		Svn-Managed = True
		Manager = AnkhSVN - Subversion Support for Visual Studio
	EndGlobalSection
	GlobalSection(SolutionConfigurationPlatforms) = preSolution
		Debug|Any CPU = Debug|Any CPU
		Release|Any CPU = Release|Any CPU
	EndGlobalSection
	GlobalSection(ProjectConfigurationPlatforms) = postSolution
		{9C7F9BA6-02C5-43AA-92C6-23236788919E}.Debug|Any CPU.ActiveCfg = Debug|Any CPU
		{9C7F9BA6-02C5-43AA-92C6-23236788919E}.Debug|Any CPU.Build.0 = Debug|Any CPU
		{9C7F9BA6-02C5-43AA-92C6-23236788919E}.Release|Any CPU.ActiveCfg = Release|Any CPU
		{9C7F9BA6-02C5-43AA-92C6-23236788919E}.Release|Any CPU.Build.0 = Release|Any CPU
		{EC882D7F-7071-4DFD-99AD-9EF474B1A636}.Debug|Any CPU.ActiveCfg = Debug|Any CPU
		{EC882D7F-7071-4DFD-99AD-9EF474B1A636}.Debug|Any CPU.Build.0 = Debug|Any CPU
		{EC882D7F-7071-4DFD-99AD-9EF474B1A636}.Release|Any CPU.ActiveCfg = Release|Any CPU
		{EC882D7F-7071-4DFD-99AD-9EF474B1A636}.Release|Any CPU.Build.0 = Release|Any CPU
	EndGlobalSection
	GlobalSection(SolutionProperties) = preSolution
		HideSolutionNode = FALSE
	EndGlobalSection
EndGlobal
